
Microsoft Visual Studio Solution File, Format Version 12.00
# Visual Studio Version 16
VisualStudioVersion = 16.0.30104.148
MinimumVisualStudioVersion = 10.0.40219.1
Project("{FAE04EC0-301F-11D3-BF4B-00C04F79EFBC}") = "OrgDBHosting", "OrgDBHosting\OrgDBHosting.csproj", "{0ED476BE-0D3F-4E62-A626-828A0A4447DE}"
EndProject
Project("{2150E333-8FDC-42A3-9474-1A3956D46DE8}") = "OrgDBClient", "OrgDBClient", "{EDB9B264-DE28-4C89-8C10-A76F70F845F8}"
EndProject
Project("{FAE04EC0-301F-11D3-BF4B-00C04F79EFBC}") = "OrgDBHosting.Interface", "..\OrgDB.Interface\OrgDBHosting.Interface.csproj", "{2FEF889E-60E7-422A-B7FC-EEA3FE1520AC}"
EndProject
Project("{FAE04EC0-301F-11D3-BF4B-00C04F79EFBC}") = "OrgDBClient", "..\OrgDBClient\OrgDBClient\OrgDBClient.csproj", "{CF339792-1F7F-45E2-B071-13622A6365D7}"
EndProject
Global
	GlobalSection(SolutionConfigurationPlatforms) = preSolution
		Debug|Any CPU = Debug|Any CPU
		Release|Any CPU = Release|Any CPU
	EndGlobalSection
	GlobalSection(ProjectConfigurationPlatforms) = postSolution
		{0ED476BE-0D3F-4E62-A626-828A0A4447DE}.Debug|Any CPU.ActiveCfg = Debug|Any CPU
		{0ED476BE-0D3F-4E62-A626-828A0A4447DE}.Debug|Any CPU.Build.0 = Debug|Any CPU
		{0ED476BE-0D3F-4E62-A626-828A0A4447DE}.Release|Any CPU.ActiveCfg = Release|Any CPU
		{0ED476BE-0D3F-4E62-A626-828A0A4447DE}.Release|Any CPU.Build.0 = Release|Any CPU
		{2FEF889E-60E7-422A-B7FC-EEA3FE1520AC}.Debug|Any CPU.ActiveCfg = Debug|Any CPU
		{2FEF889E-60E7-422A-B7FC-EEA3FE1520AC}.Debug|Any CPU.Build.0 = Debug|Any CPU
		{2FEF889E-60E7-422A-B7FC-EEA3FE1520AC}.Release|Any CPU.ActiveCfg = Release|Any CPU
		{2FEF889E-60E7-422A-B7FC-EEA3FE1520AC}.Release|Any CPU.Build.0 = Release|Any CPU
		{CF339792-1F7F-45E2-B071-13622A6365D7}.Debug|Any CPU.ActiveCfg = Debug|Any CPU
		{CF339792-1F7F-45E2-B071-13622A6365D7}.Debug|Any CPU.Build.0 = Debug|Any CPU
		{CF339792-1F7F-45E2-B071-13622A6365D7}.Release|Any CPU.ActiveCfg = Release|Any CPU
		{CF339792-1F7F-45E2-B071-13622A6365D7}.Release|Any CPU.Build.0 = Release|Any CPU
	EndGlobalSection
	GlobalSection(SolutionProperties) = preSolution
		HideSolutionNode = FALSE
	EndGlobalSection
	GlobalSection(NestedProjects) = preSolution
		{CF339792-1F7F-45E2-B071-13622A6365D7} = {EDB9B264-DE28-4C89-8C10-A76F70F845F8}
	EndGlobalSection
	GlobalSection(ExtensibilityGlobals) = postSolution
		SolutionGuid = {5FCDF053-8B10-4EBA-A00C-8321F5D81018}
	EndGlobalSection
EndGlobal
